
Microsoft Visual Studio Solution File, Format Version 12.00
# Visual Studio Version 17
VisualStudioVersion = 17.8.34330.188
MinimumVisualStudioVersion = 10.0.40219.1
Project("{FAE04EC0-301F-11D3-BF4B-00C04F79EFBC}") = "IPUills", "IPUills.csproj", "{5061398E-E46A-4E48-8EC2-72C0C659F47B}"
EndProject
Global
	GlobalSection(SolutionConfigurationPlatforms) = preSolution
		Debug|Any CPU = Debug|Any CPU
		Release|Any CPU = Release|Any CPU
	EndGlobalSection
	GlobalSection(ProjectConfigurationPlatforms) = postSolution
		{5061398E-E46A-4E48-8EC2-72C0C659F47B}.Debug|Any CPU.ActiveCfg = Debug|Any CPU
		{5061398E-E46A-4E48-8EC2-72C0C659F47B}.Debug|Any CPU.Build.0 = Debug|Any CPU
		{5061398E-E46A-4E48-8EC2-72C0C659F47B}.Debug|Any CPU.Deploy.0 = Debug|Any CPU
		{5061398E-E46A-4E48-8EC2-72C0C659F47B}.Release|Any CPU.ActiveCfg = Release|Any CPU
		{5061398E-E46A-4E48-8EC2-72C0C659F47B}.Release|Any CPU.Build.0 = Release|Any CPU
		{5061398E-E46A-4E48-8EC2-72C0C659F47B}.Release|Any CPU.Deploy.0 = Release|Any CPU
	EndGlobalSection
	GlobalSection(SolutionProperties) = preSolution
		HideSolutionNode = FALSE
	EndGlobalSection
	GlobalSection(ExtensibilityGlobals) = postSolution
		SolutionGuid = {3CC00E12-938B-4631-9F5D-8776B32B4635}
	EndGlobalSection
EndGlobal
